// !$*UTF8*$!
{
	archiveVersion = 1;
	classes = {
	};
	objectVersion = 56;
	objects = {

/* Begin PBXBuildFile section */
		22E0B3FF2D69038C0026ADBE /* AppDelegate.m in Sources */ = {isa = PBXBuildFile; fileRef = 22E0B3FE2D69038C0026ADBE /* AppDelegate.m */; };
		22E0B4022D69038C0026ADBE /* SceneDelegate.m in Sources */ = {isa = PBXBuildFile; fileRef = 22E0B4012D69038C0026ADBE /* SceneDelegate.m */; };
		22E0B4052D69038C0026ADBE /* ViewController.m in Sources */ = {isa = PBXBuildFile; fileRef = 22E0B4042D69038C0026ADBE /* ViewController.m */; };
		22E0B4082D69038C0026ADBE /* Main.storyboard in Resources */ = {isa = PBXBuildFile; fileRef = 22E0B4062D69038C0026ADBE /* Main.storyboard */; };
		22E0B40A2D69038F0026ADBE /* Assets.xcassets in Resources */ = {isa = PBXBuildFile; fileRef = 22E0B4092D69038F0026ADBE /* Assets.xcassets */; };
		22E0B40D2D69038F0026ADBE /* LaunchScreen.storyboard in Resources */ = {isa = PBXBuildFile; fileRef = 22E0B40B2D69038F0026ADBE /* LaunchScreen.storyboard */; };
		22E0B4102D69038F0026ADBE /* main.m in Sources */ = {isa = PBXBuildFile; fileRef = 22E0B40F2D69038F0026ADBE /* main.m */; };
		22E0B41A2D69038F0026ADBE /* Mahjong_MVVM_obj_cTests.m in Sources */ = {isa = PBXBuildFile; fileRef = 22E0B4192D69038F0026ADBE /* Mahjong_MVVM_obj_cTests.m */; };
		22E0B4242D69038F0026ADBE /* Mahjong_MVVM_obj_cUITests.m in Sources */ = {isa = PBXBuildFile; fileRef = 22E0B4232D69038F0026ADBE /* Mahjong_MVVM_obj_cUITests.m */; };
		22E0B4262D69038F0026ADBE /* Mahjong_MVVM_obj_cUITestsLaunchTests.m in Sources */ = {isa = PBXBuildFile; fileRef = 22E0B4252D69038F0026ADBE /* Mahjong_MVVM_obj_cUITestsLaunchTests.m */; };
		22E0B4342D6904F60026ADBE /* TileModel.m in Sources */ = {isa = PBXBuildFile; fileRef = 22E0B4332D6904F60026ADBE /* TileModel.m */; };
		22E0B4372D6906280026ADBE /* TileViewModel.m in Sources */ = {isa = PBXBuildFile; fileRef = 22E0B4362D6906280026ADBE /* TileViewModel.m */; };
/* End PBXBuildFile section */

/* Begin PBXContainerItemProxy section */
		22E0B4162D69038F0026ADBE /* PBXContainerItemProxy */ = {
			isa = PBXContainerItemProxy;
			containerPortal = 22E0B3F22D69038C0026ADBE /* Project object */;
			proxyType = 1;
			remoteGlobalIDString = 22E0B3F92D69038C0026ADBE;
			remoteInfo = "Mahjong MVVM obj-c";
		};
		22E0B4202D69038F0026ADBE /* PBXContainerItemProxy */ = {
			isa = PBXContainerItemProxy;
			containerPortal = 22E0B3F22D69038C0026ADBE /* Project object */;
			proxyType = 1;
			remoteGlobalIDString = 22E0B3F92D69038C0026ADBE;
			remoteInfo = "Mahjong MVVM obj-c";
		};
/* End PBXContainerItemProxy section */

/* Begin PBXFileReference section */
		22E0B3FA2D69038C0026ADBE /* Mahjong MVVM obj-c.app */ = {isa = PBXFileReference; explicitFileType = wrapper.application; includeInIndex = 0; path = "Mahjong MVVM obj-c.app"; sourceTree = BUILT_PRODUCTS_DIR; };
		22E0B3FD2D69038C0026ADBE /* AppDelegate.h */ = {isa = PBXFileReference; lastKnownFileType = sourcecode.c.h; path = AppDelegate.h; sourceTree = "<group>"; };
		22E0B3FE2D69038C0026ADBE /* AppDelegate.m */ = {isa = PBXFileReference; lastKnownFileType = sourcecode.c.objc; path = AppDelegate.m; sourceTree = "<group>"; };
		22E0B4002D69038C0026ADBE /* SceneDelegate.h */ = {isa = PBXFileReference; lastKnownFileType = sourcecode.c.h; path = SceneDelegate.h; sourceTree = "<group>"; };
		22E0B4012D69038C0026ADBE /* SceneDelegate.m */ = {isa = PBXFileReference; lastKnownFileType = sourcecode.c.objc; path = SceneDelegate.m; sourceTree = "<group>"; };
		22E0B4032D69038C0026ADBE /* ViewController.h */ = {isa = PBXFileReference; lastKnownFileType = sourcecode.c.h; path = ViewController.h; sourceTree = "<group>"; };
		22E0B4042D69038C0026ADBE /* ViewController.m */ = {isa = PBXFileReference; lastKnownFileType = sourcecode.c.objc; path = ViewController.m; sourceTree = "<group>"; };
		22E0B4072D69038C0026ADBE /* Base */ = {isa = PBXFileReference; lastKnownFileType = file.storyboard; name = Base; path = Base.lproj/Main.storyboard; sourceTree = "<group>"; };
		22E0B4092D69038F0026ADBE /* Assets.xcassets */ = {isa = PBXFileReference; lastKnownFileType = folder.assetcatalog; path = Assets.xcassets; sourceTree = "<group>"; };
		22E0B40C2D69038F0026ADBE /* Base */ = {isa = PBXFileReference; lastKnownFileType = file.storyboard; name = Base; path = Base.lproj/LaunchScreen.storyboard; sourceTree = "<group>"; };
		22E0B40E2D69038F0026ADBE /* Info.plist */ = {isa = PBXFileReference; lastKnownFileType = text.plist.xml; path = Info.plist; sourceTree = "<group>"; };
		22E0B40F2D69038F0026ADBE /* main.m */ = {isa = PBXFileReference; lastKnownFileType = sourcecode.c.objc; path = main.m; sourceTree = "<group>"; };
		22E0B4152D69038F0026ADBE /* Mahjong MVVM obj-cTests.xctest */ = {isa = PBXFileReference; explicitFileType = wrapper.cfbundle; includeInIndex = 0; path = "Mahjong MVVM obj-cTests.xctest"; sourceTree = BUILT_PRODUCTS_DIR; };
		22E0B4192D69038F0026ADBE /* Mahjong_MVVM_obj_cTests.m */ = {isa = PBXFileReference; lastKnownFileType = sourcecode.c.objc; path = Mahjong_MVVM_obj_cTests.m; sourceTree = "<group>"; };
		22E0B41F2D69038F0026ADBE /* Mahjong MVVM obj-cUITests.xctest */ = {isa = PBXFileReference; explicitFileType = wrapper.cfbundle; includeInIndex = 0; path = "Mahjong MVVM obj-cUITests.xctest"; sourceTree = BUILT_PRODUCTS_DIR; };
		22E0B4232D69038F0026ADBE /* Mahjong_MVVM_obj_cUITests.m */ = {isa = PBXFileReference; lastKnownFileType = sourcecode.c.objc; path = Mahjong_MVVM_obj_cUITests.m; sourceTree = "<group>"; };
		22E0B4252D69038F0026ADBE /* Mahjong_MVVM_obj_cUITestsLaunchTests.m */ = {isa = PBXFileReference; lastKnownFileType = sourcecode.c.objc; path = Mahjong_MVVM_obj_cUITestsLaunchTests.m; sourceTree = "<group>"; };
		22E0B4322D6904F60026ADBE /* TileModel.h */ = {isa = PBXFileReference; lastKnownFileType = sourcecode.c.h; path = TileModel.h; sourceTree = "<group>"; };
		22E0B4332D6904F60026ADBE /* TileModel.m */ = {isa = PBXFileReference; lastKnownFileType = sourcecode.c.objc; path = TileModel.m; sourceTree = "<group>"; };
		22E0B4352D6906280026ADBE /* TileViewModel.h */ = {isa = PBXFileReference; lastKnownFileType = sourcecode.c.h; path = TileViewModel.h; sourceTree = "<group>"; };
		22E0B4362D6906280026ADBE /* TileViewModel.m */ = {isa = PBXFileReference; lastKnownFileType = sourcecode.c.objc; path = TileViewModel.m; sourceTree = "<group>"; };
/* End PBXFileReference section */

/* Begin PBXFrameworksBuildPhase section */
		22E0B3F72D69038C0026ADBE /* Frameworks */ = {
			isa = PBXFrameworksBuildPhase;
			buildActionMask = 2147483647;
			files = (
			);
			runOnlyForDeploymentPostprocessing = 0;
		};
		22E0B4122D69038F0026ADBE /* Frameworks */ = {
			isa = PBXFrameworksBuildPhase;
			buildActionMask = 2147483647;
			files = (
			);
			runOnlyForDeploymentPostprocessing = 0;
		};
		22E0B41C2D69038F0026ADBE /* Frameworks */ = {
			isa = PBXFrameworksBuildPhase;
			buildActionMask = 2147483647;
			files = (
			);
			runOnlyForDeploymentPostprocessing = 0;
		};
/* End PBXFrameworksBuildPhase section */

/* Begin PBXGroup section */
		22E0B3F12D69038C0026ADBE = {
			isa = PBXGroup;
			children = (
				22E0B3FC2D69038C0026ADBE /* Mahjong MVVM obj-c */,
				22E0B4182D69038F0026ADBE /* Mahjong MVVM obj-cTests */,
				22E0B4222D69038F0026ADBE /* Mahjong MVVM obj-cUITests */,
				22E0B3FB2D69038C0026ADBE /* Products */,
			);
			sourceTree = "<group>";
		};
		22E0B3FB2D69038C0026ADBE /* Products */ = {
			isa = PBXGroup;
			children = (
				22E0B3FA2D69038C0026ADBE /* Mahjong MVVM obj-c.app */,
				22E0B4152D69038F0026ADBE /* Mahjong MVVM obj-cTests.xctest */,
				22E0B41F2D69038F0026ADBE /* Mahjong MVVM obj-cUITests.xctest */,
			);
			name = Products;
			sourceTree = "<group>";
		};
		22E0B3FC2D69038C0026ADBE /* Mahjong MVVM obj-c */ = {
			isa = PBXGroup;
			children = (
				22E0B3FD2D69038C0026ADBE /* AppDelegate.h */,
				22E0B3FE2D69038C0026ADBE /* AppDelegate.m */,
				22E0B4002D69038C0026ADBE /* SceneDelegate.h */,
				22E0B4012D69038C0026ADBE /* SceneDelegate.m */,
				22E0B4032D69038C0026ADBE /* ViewController.h */,
				22E0B4042D69038C0026ADBE /* ViewController.m */,
				22E0B4352D6906280026ADBE /* TileViewModel.h */,
				22E0B4362D6906280026ADBE /* TileViewModel.m */,
				22E0B4322D6904F60026ADBE /* TileModel.h */,
				22E0B4332D6904F60026ADBE /* TileModel.m */,
				22E0B4062D69038C0026ADBE /* Main.storyboard */,
				22E0B4092D69038F0026ADBE /* Assets.xcassets */,
				22E0B40B2D69038F0026ADBE /* LaunchScreen.storyboard */,
				22E0B40E2D69038F0026ADBE /* Info.plist */,
				22E0B40F2D69038F0026ADBE /* main.m */,
			);
			path = "Mahjong MVVM obj-c";
			sourceTree = "<group>";
		};
		22E0B4182D69038F0026ADBE /* Mahjong MVVM obj-cTests */ = {
			isa = PBXGroup;
			children = (
				22E0B4192D69038F0026ADBE /* Mahjong_MVVM_obj_cTests.m */,
			);
			path = "Mahjong MVVM obj-cTests";
			sourceTree = "<group>";
		};
		22E0B4222D69038F0026ADBE /* Mahjong MVVM obj-cUITests */ = {
			isa = PBXGroup;
			children = (
				22E0B4232D69038F0026ADBE /* Mahjong_MVVM_obj_cUITests.m */,
				22E0B4252D69038F0026ADBE /* Mahjong_MVVM_obj_cUITestsLaunchTests.m */,
			);
			path = "Mahjong MVVM obj-cUITests";
			sourceTree = "<group>";
		};
/* End PBXGroup section */

/* Begin PBXNativeTarget section */
		22E0B3F92D69038C0026ADBE /* Mahjong MVVM obj-c */ = {
			isa = PBXNativeTarget;
			buildConfigurationList = 22E0B4292D69038F0026ADBE /* Build configuration list for PBXNativeTarget "Mahjong MVVM obj-c" */;
			buildPhases = (
				22E0B3F62D69038C0026ADBE /* Sources */,
				22E0B3F72D69038C0026ADBE /* Frameworks */,
				22E0B3F82D69038C0026ADBE /* Resources */,
			);
			buildRules = (
			);
			dependencies = (
			);
			name = "Mahjong MVVM obj-c";
			productName = "Mahjong MVVM obj-c";
			productReference = 22E0B3FA2D69038C0026ADBE /* Mahjong MVVM obj-c.app */;
			productType = "com.apple.product-type.application";
		};
		22E0B4142D69038F0026ADBE /* Mahjong MVVM obj-cTests */ = {
			isa = PBXNativeTarget;
			buildConfigurationList = 22E0B42C2D69038F0026ADBE /* Build configuration list for PBXNativeTarget "Mahjong MVVM obj-cTests" */;
			buildPhases = (
				22E0B4112D69038F0026ADBE /* Sources */,
				22E0B4122D69038F0026ADBE /* Frameworks */,
				22E0B4132D69038F0026ADBE /* Resources */,
			);
			buildRules = (
			);
			dependencies = (
				22E0B4172D69038F0026ADBE /* PBXTargetDependency */,
			);
			name = "Mahjong MVVM obj-cTests";
			productName = "Mahjong MVVM obj-cTests";
			productReference = 22E0B4152D69038F0026ADBE /* Mahjong MVVM obj-cTests.xctest */;
			productType = "com.apple.product-type.bundle.unit-test";
		};
		22E0B41E2D69038F0026ADBE /* Mahjong MVVM obj-cUITests */ = {
			isa = PBXNativeTarget;
			buildConfigurationList = 22E0B42F2D69038F0026ADBE /* Build configuration list for PBXNativeTarget "Mahjong MVVM obj-cUITests" */;
			buildPhases = (
				22E0B41B2D69038F0026ADBE /* Sources */,
				22E0B41C2D69038F0026ADBE /* Frameworks */,
				22E0B41D2D69038F0026ADBE /* Resources */,
			);
			buildRules = (
			);
			dependencies = (
				22E0B4212D69038F0026ADBE /* PBXTargetDependency */,
			);
			name = "Mahjong MVVM obj-cUITests";
			productName = "Mahjong MVVM obj-cUITests";
			productReference = 22E0B41F2D69038F0026ADBE /* Mahjong MVVM obj-cUITests.xctest */;
			productType = "com.apple.product-type.bundle.ui-testing";
		};
/* End PBXNativeTarget section */

/* Begin PBXProject section */
		22E0B3F22D69038C0026ADBE /* Project object */ = {
			isa = PBXProject;
			attributes = {
				BuildIndependentTargetsInParallel = 1;
				LastUpgradeCheck = 1420;
				TargetAttributes = {
					22E0B3F92D69038C0026ADBE = {
						CreatedOnToolsVersion = 14.2;
					};
					22E0B4142D69038F0026ADBE = {
						CreatedOnToolsVersion = 14.2;
						TestTargetID = 22E0B3F92D69038C0026ADBE;
					};
					22E0B41E2D69038F0026ADBE = {
						CreatedOnToolsVersion = 14.2;
						TestTargetID = 22E0B3F92D69038C0026ADBE;
					};
				};
			};
			buildConfigurationList = 22E0B3F52D69038C0026ADBE /* Build configuration list for PBXProject "Mahjong MVVM obj-c" */;
			compatibilityVersion = "Xcode 14.0";
			developmentRegion = en;
			hasScannedForEncodings = 0;
			knownRegions = (
				en,
				Base,
			);
			mainGroup = 22E0B3F12D69038C0026ADBE;
			productRefGroup = 22E0B3FB2D69038C0026ADBE /* Products */;
			projectDirPath = "";
			projectRoot = "";
			targets = (
				22E0B3F92D69038C0026ADBE /* Mahjong MVVM obj-c */,
				22E0B4142D69038F0026ADBE /* Mahjong MVVM obj-cTests */,
				22E0B41E2D69038F0026ADBE /* Mahjong MVVM obj-cUITests */,
			);
		};
/* End PBXProject section */

/* Begin PBXResourcesBuildPhase section */
		22E0B3F82D69038C0026ADBE /* Resources */ = {
			isa = PBXResourcesBuildPhase;
			buildActionMask = 2147483647;
			files = (
				22E0B40D2D69038F0026ADBE /* LaunchScreen.storyboard in Resources */,
				22E0B40A2D69038F0026ADBE /* Assets.xcassets in Resources */,
				22E0B4082D69038C0026ADBE /* Main.storyboard in Resources */,
			);
			runOnlyForDeploymentPostprocessing = 0;
		};
		22E0B4132D69038F0026ADBE /* Resources */ = {
			isa = PBXResourcesBuildPhase;
			buildActionMask = 2147483647;
			files = (
			);
			runOnlyForDeploymentPostprocessing = 0;
		};
		22E0B41D2D69038F0026ADBE /* Resources */ = {
			isa = PBXResourcesBuildPhase;
			buildActionMask = 2147483647;
			files = (
			);
			runOnlyForDeploymentPostprocessing = 0;
		};
/* End PBXResourcesBuildPhase section */

/* Begin PBXSourcesBuildPhase section */
		22E0B3F62D69038C0026ADBE /* Sources */ = {
			isa = PBXSourcesBuildPhase;
			buildActionMask = 2147483647;
			files = (
				22E0B4372D6906280026ADBE /* TileViewModel.m in Sources */,
				22E0B4052D69038C0026ADBE /* ViewController.m in Sources */,
				22E0B4342D6904F60026ADBE /* TileModel.m in Sources */,
				22E0B3FF2D69038C0026ADBE /* AppDelegate.m in Sources */,
				22E0B4102D69038F0026ADBE /* main.m in Sources */,
				22E0B4022D69038C0026ADBE /* SceneDelegate.m in Sources */,
			);
			runOnlyForDeploymentPostprocessing = 0;
		};
		22E0B4112D69038F0026ADBE /* Sources */ = {
			isa = PBXSourcesBuildPhase;
			buildActionMask = 2147483647;
			files = (
				22E0B41A2D69038F0026ADBE /* Mahjong_MVVM_obj_cTests.m in Sources */,
			);
			runOnlyForDeploymentPostprocessing = 0;
		};
		22E0B41B2D69038F0026ADBE /* Sources */ = {
			isa = PBXSourcesBuildPhase;
			buildActionMask = 2147483647;
			files = (
				22E0B4242D69038F0026ADBE /* Mahjong_MVVM_obj_cUITests.m in Sources */,
				22E0B4262D69038F0026ADBE /* Mahjong_MVVM_obj_cUITestsLaunchTests.m in Sources */,
			);
			runOnlyForDeploymentPostprocessing = 0;
		};
/* End PBXSourcesBuildPhase section */

/* Begin PBXTargetDependency section */
		22E0B4172D69038F0026ADBE /* PBXTargetDependency */ = {
			isa = PBXTargetDependency;
			target = 22E0B3F92D69038C0026ADBE /* Mahjong MVVM obj-c */;
			targetProxy = 22E0B4162D69038F0026ADBE /* PBXContainerItemProxy */;
		};
		22E0B4212D69038F0026ADBE /* PBXTargetDependency */ = {
			isa = PBXTargetDependency;
			target = 22E0B3F92D69038C0026ADBE /* Mahjong MVVM obj-c */;
			targetProxy = 22E0B4202D69038F0026ADBE /* PBXContainerItemProxy */;
		};
/* End PBXTargetDependency section */

/* Begin PBXVariantGroup section */
		22E0B4062D69038C0026ADBE /* Main.storyboard */ = {
			isa = PBXVariantGroup;
			children = (
				22E0B4072D69038C0026ADBE /* Base */,
			);
			name = Main.storyboard;
			sourceTree = "<group>";
		};
		22E0B40B2D69038F0026ADBE /* LaunchScreen.storyboard */ = {
			isa = PBXVariantGroup;
			children = (
				22E0B40C2D69038F0026ADBE /* Base */,
			);
			name = LaunchScreen.storyboard;
			sourceTree = "<group>";
		};
/* End PBXVariantGroup section */

/* Begin XCBuildConfiguration section */
		22E0B4272D69038F0026ADBE /* Debug */ = {
			isa = XCBuildConfiguration;
			buildSettings = {
				ALWAYS_SEARCH_USER_PATHS = NO;
				CLANG_ANALYZER_NONNULL = YES;
				CLANG_ANALYZER_NUMBER_OBJECT_CONVERSION = YES_AGGRESSIVE;
				CLANG_CXX_LANGUAGE_STANDARD = "gnu++20";
				CLANG_ENABLE_MODULES = YES;
				CLANG_ENABLE_OBJC_ARC = YES;
				CLANG_ENABLE_OBJC_WEAK = YES;
				CLANG_WARN_BLOCK_CAPTURE_AUTORELEASING = YES;
				CLANG_WARN_BOOL_CONVERSION = YES;
				CLANG_WARN_COMMA = YES;
				CLANG_WARN_CONSTANT_CONVERSION = YES;
				CLANG_WARN_DEPRECATED_OBJC_IMPLEMENTATIONS = YES;
				CLANG_WARN_DIRECT_OBJC_ISA_USAGE = YES_ERROR;
				CLANG_WARN_DOCUMENTATION_COMMENTS = YES;
				CLANG_WARN_EMPTY_BODY = YES;
				CLANG_WARN_ENUM_CONVERSION = YES;
				CLANG_WARN_INFINITE_RECURSION = YES;
				CLANG_WARN_INT_CONVERSION = YES;
				CLANG_WARN_NON_LITERAL_NULL_CONVERSION = YES;
				CLANG_WARN_OBJC_IMPLICIT_RETAIN_SELF = YES;
				CLANG_WARN_OBJC_LITERAL_CONVERSION = YES;
				CLANG_WARN_OBJC_ROOT_CLASS = YES_ERROR;
				CLANG_WARN_QUOTED_INCLUDE_IN_FRAMEWORK_HEADER = YES;
				CLANG_WARN_RANGE_LOOP_ANALYSIS = YES;
				CLANG_WARN_STRICT_PROTOTYPES = YES;
				CLANG_WARN_SUSPICIOUS_MOVE = YES;
				CLANG_WARN_UNGUARDED_AVAILABILITY = YES_AGGRESSIVE;
				CLANG_WARN_UNREACHABLE_CODE = YES;
				CLANG_WARN__DUPLICATE_METHOD_MATCH = YES;
				COPY_PHASE_STRIP = NO;
				DEBUG_INFORMATION_FORMAT = dwarf;
				ENABLE_STRICT_OBJC_MSGSEND = YES;
				ENABLE_TESTABILITY = YES;
				GCC_C_LANGUAGE_STANDARD = gnu11;
				GCC_DYNAMIC_NO_PIC = NO;
				GCC_NO_COMMON_BLOCKS = YES;
				GCC_OPTIMIZATION_LEVEL = 0;
				GCC_PREPROCESSOR_DEFINITIONS = (
					"DEBUG=1",
					"$(inherited)",
				);
				GCC_WARN_64_TO_32_BIT_CONVERSION = YES;
				GCC_WARN_ABOUT_RETURN_TYPE = YES_ERROR;
				GCC_WARN_UNDECLARED_SELECTOR = YES;
				GCC_WARN_UNINITIALIZED_AUTOS = YES_AGGRESSIVE;
				GCC_WARN_UNUSED_FUNCTION = YES;
				GCC_WARN_UNUSED_VARIABLE = YES;
				IPHONEOS_DEPLOYMENT_TARGET = 16.2;
				MTL_ENABLE_DEBUG_INFO = INCLUDE_SOURCE;
				MTL_FAST_MATH = YES;
				ONLY_ACTIVE_ARCH = YES;
				SDKROOT = iphoneos;
			};
			name = Debug;
		};
		22E0B4282D69038F0026ADBE /* Release */ = {
			isa = XCBuildConfiguration;
			buildSettings = {
				ALWAYS_SEARCH_USER_PATHS = NO;
				CLANG_ANALYZER_NONNULL = YES;
				CLANG_ANALYZER_NUMBER_OBJECT_CONVERSION = YES_AGGRESSIVE;
				CLANG_CXX_LANGUAGE_STANDARD = "gnu++20";
				CLANG_ENABLE_MODULES = YES;
				CLANG_ENABLE_OBJC_ARC = YES;
				CLANG_ENABLE_OBJC_WEAK = YES;
				CLANG_WARN_BLOCK_CAPTURE_AUTORELEASING = YES;
				CLANG_WARN_BOOL_CONVERSION = YES;
				CLANG_WARN_COMMA = YES;
				CLANG_WARN_CONSTANT_CONVERSION = YES;
				CLANG_WARN_DEPRECATED_OBJC_IMPLEMENTATIONS = YES;
				CLANG_WARN_DIRECT_OBJC_ISA_USAGE = YES_ERROR;
				CLANG_WARN_DOCUMENTATION_COMMENTS = YES;
				CLANG_WARN_EMPTY_BODY = YES;
				CLANG_WARN_ENUM_CONVERSION = YES;
				CLANG_WARN_INFINITE_RECURSION = YES;
				CLANG_WARN_INT_CONVERSION = YES;
				CLANG_WARN_NON_LITERAL_NULL_CONVERSION = YES;
				CLANG_WARN_OBJC_IMPLICIT_RETAIN_SELF = YES;
				CLANG_WARN_OBJC_LITERAL_CONVERSION = YES;
				CLANG_WARN_OBJC_ROOT_CLASS = YES_ERROR;
				CLANG_WARN_QUOTED_INCLUDE_IN_FRAMEWORK_HEADER = YES;
				CLANG_WARN_RANGE_LOOP_ANALYSIS = YES;
				CLANG_WARN_STRICT_PROTOTYPES = YES;
				CLANG_WARN_SUSPICIOUS_MOVE = YES;
				CLANG_WARN_UNGUARDED_AVAILABILITY = YES_AGGRESSIVE;
				CLANG_WARN_UNREACHABLE_CODE = YES;
				CLANG_WARN__DUPLICATE_METHOD_MATCH = YES;
				COPY_PHASE_STRIP = NO;
				DEBUG_INFORMATION_FORMAT = "dwarf-with-dsym";
				ENABLE_NS_ASSERTIONS = NO;
				ENABLE_STRICT_OBJC_MSGSEND = YES;
				GCC_C_LANGUAGE_STANDARD = gnu11;
				GCC_NO_COMMON_BLOCKS = YES;
				GCC_WARN_64_TO_32_BIT_CONVERSION = YES;
				GCC_WARN_ABOUT_RETURN_TYPE = YES_ERROR;
				GCC_WARN_UNDECLARED_SELECTOR = YES;
				GCC_WARN_UNINITIALIZED_AUTOS = YES_AGGRESSIVE;
				GCC_WARN_UNUSED_FUNCTION = YES;
				GCC_WARN_UNUSED_VARIABLE = YES;
				IPHONEOS_DEPLOYMENT_TARGET = 16.2;
				MTL_ENABLE_DEBUG_INFO = NO;
				MTL_FAST_MATH = YES;
				SDKROOT = iphoneos;
				VALIDATE_PRODUCT = YES;
			};
			name = Release;
		};
		22E0B42A2D69038F0026ADBE /* Debug */ = {
			isa = XCBuildConfiguration;
			buildSettings = {
				ASSETCATALOG_COMPILER_APPICON_NAME = AppIcon;
				ASSETCATALOG_COMPILER_GLOBAL_ACCENT_COLOR_NAME = AccentColor;
				CODE_SIGN_STYLE = Automatic;
				CURRENT_PROJECT_VERSION = 1;
				GENERATE_INFOPLIST_FILE = YES;
				INFOPLIST_FILE = "Mahjong MVVM obj-c/Info.plist";
				INFOPLIST_KEY_UIApplicationSupportsIndirectInputEvents = YES;
				INFOPLIST_KEY_UILaunchStoryboardName = LaunchScreen;
				INFOPLIST_KEY_UIMainStoryboardFile = Main;
				INFOPLIST_KEY_UISupportedInterfaceOrientations_iPad = "UIInterfaceOrientationPortrait UIInterfaceOrientationPortraitUpsideDown UIInterfaceOrientationLandscapeLeft UIInterfaceOrientationLandscapeRight";
				INFOPLIST_KEY_UISupportedInterfaceOrientations_iPhone = "UIInterfaceOrientationPortrait UIInterfaceOrientationLandscapeLeft UIInterfaceOrientationLandscapeRight";
				LD_RUNPATH_SEARCH_PATHS = (
					"$(inherited)",
					"@executable_path/Frameworks",
				);
				MARKETING_VERSION = 1.0;
				PRODUCT_BUNDLE_IDENTIFIER = "Test.Mahjong-MVVM-obj-c";
				PRODUCT_NAME = "$(TARGET_NAME)";
				SWIFT_EMIT_LOC_STRINGS = YES;
				TARGETED_DEVICE_FAMILY = "1,2";
			};
			name = Debug;
		};
		22E0B42B2D69038F0026ADBE /* Release */ = {
			isa = XCBuildConfiguration;
			buildSettings = {
				ASSETCATALOG_COMPILER_APPICON_NAME = AppIcon;
				ASSETCATALOG_COMPILER_GLOBAL_ACCENT_COLOR_NAME = AccentColor;
				CODE_SIGN_STYLE = Automatic;
				CURRENT_PROJECT_VERSION = 1;
				GENERATE_INFOPLIST_FILE = YES;
				INFOPLIST_FILE = "Mahjong MVVM obj-c/Info.plist";
				INFOPLIST_KEY_UIApplicationSupportsIndirectInputEvents = YES;
				INFOPLIST_KEY_UILaunchStoryboardName = LaunchScreen;
				INFOPLIST_KEY_UIMainStoryboardFile = Main;
				INFOPLIST_KEY_UISupportedInterfaceOrientations_iPad = "UIInterfaceOrientationPortrait UIInterfaceOrientationPortraitUpsideDown UIInterfaceOrientationLandscapeLeft UIInterfaceOrientationLandscapeRight";
				INFOPLIST_KEY_UISupportedInterfaceOrientations_iPhone = "UIInterfaceOrientationPortrait UIInterfaceOrientationLandscapeLeft UIInterfaceOrientationLandscapeRight";
				LD_RUNPATH_SEARCH_PATHS = (
					"$(inherited)",
					"@executable_path/Frameworks",
				);
				MARKETING_VERSION = 1.0;
				PRODUCT_BUNDLE_IDENTIFIER = "Test.Mahjong-MVVM-obj-c";
				PRODUCT_NAME = "$(TARGET_NAME)";
				SWIFT_EMIT_LOC_STRINGS = YES;
				TARGETED_DEVICE_FAMILY = "1,2";
			};
			name = Release;
		};
		22E0B42D2D69038F0026ADBE /* Debug */ = {
			isa = XCBuildConfiguration;
			buildSettings = {
				BUNDLE_LOADER = "$(TEST_HOST)";
				CODE_SIGN_STYLE = Automatic;
				CURRENT_PROJECT_VERSION = 1;
				GENERATE_INFOPLIST_FILE = YES;
				IPHONEOS_DEPLOYMENT_TARGET = 16.2;
				MARKETING_VERSION = 1.0;
				PRODUCT_BUNDLE_IDENTIFIER = "Test.Mahjong-MVVM-obj-cTests";
				PRODUCT_NAME = "$(TARGET_NAME)";
				SWIFT_EMIT_LOC_STRINGS = NO;
				TARGETED_DEVICE_FAMILY = "1,2";
				TEST_HOST = "$(BUILT_PRODUCTS_DIR)/Mahjong MVVM obj-c.app/$(BUNDLE_EXECUTABLE_FOLDER_PATH)/Mahjong MVVM obj-c";
			};
			name = Debug;
		};
		22E0B42E2D69038F0026ADBE /* Release */ = {
			isa = XCBuildConfiguration;
			buildSettings = {
				BUNDLE_LOADER = "$(TEST_HOST)";
				CODE_SIGN_STYLE = Automatic;
				CURRENT_PROJECT_VERSION = 1;
				GENERATE_INFOPLIST_FILE = YES;
				IPHONEOS_DEPLOYMENT_TARGET = 16.2;
				MARKETING_VERSION = 1.0;
				PRODUCT_BUNDLE_IDENTIFIER = "Test.Mahjong-MVVM-obj-cTests";
				PRODUCT_NAME = "$(TARGET_NAME)";
				SWIFT_EMIT_LOC_STRINGS = NO;
				TARGETED_DEVICE_FAMILY = "1,2";
				TEST_HOST = "$(BUILT_PRODUCTS_DIR)/Mahjong MVVM obj-c.app/$(BUNDLE_EXECUTABLE_FOLDER_PATH)/Mahjong MVVM obj-c";
			};
			name = Release;
		};
		22E0B4302D69038F0026ADBE /* Debug */ = {
			isa = XCBuildConfiguration;
			buildSettings = {
				CODE_SIGN_STYLE = Automatic;
				CURRENT_PROJECT_VERSION = 1;
				GENERATE_INFOPLIST_FILE = YES;
				MARKETING_VERSION = 1.0;
				PRODUCT_BUNDLE_IDENTIFIER = "Test.Mahjong-MVVM-obj-cUITests";
				PRODUCT_NAME = "$(TARGET_NAME)";
				SWIFT_EMIT_LOC_STRINGS = NO;
				TARGETED_DEVICE_FAMILY = "1,2";
				TEST_TARGET_NAME = "Mahjong MVVM obj-c";
			};
			name = Debug;
		};
		22E0B4312D69038F0026ADBE /* Release */ = {
			isa = XCBuildConfiguration;
			buildSettings = {
				CODE_SIGN_STYLE = Automatic;
				CURRENT_PROJECT_VERSION = 1;
				GENERATE_INFOPLIST_FILE = YES;
				MARKETING_VERSION = 1.0;
				PRODUCT_BUNDLE_IDENTIFIER = "Test.Mahjong-MVVM-obj-cUITests";
				PRODUCT_NAME = "$(TARGET_NAME)";
				SWIFT_EMIT_LOC_STRINGS = NO;
				TARGETED_DEVICE_FAMILY = "1,2";
				TEST_TARGET_NAME = "Mahjong MVVM obj-c";
			};
			name = Release;
		};
/* End XCBuildConfiguration section */

/* Begin XCConfigurationList section */
		22E0B3F52D69038C0026ADBE /* Build configuration list for PBXProject "Mahjong MVVM obj-c" */ = {
			isa = XCConfigurationList;
			buildConfigurations = (
				22E0B4272D69038F0026ADBE /* Debug */,
				22E0B4282D69038F0026ADBE /* Release */,
			);
			defaultConfigurationIsVisible = 0;
			defaultConfigurationName = Release;
		};
		22E0B4292D69038F0026ADBE /* Build configuration list for PBXNativeTarget "Mahjong MVVM obj-c" */ = {
			isa = XCConfigurationList;
			buildConfigurations = (
				22E0B42A2D69038F0026ADBE /* Debug */,
				22E0B42B2D69038F0026ADBE /* Release */,
			);
			defaultConfigurationIsVisible = 0;
			defaultConfigurationName = Release;
		};
		22E0B42C2D69038F0026ADBE /* Build configuration list for PBXNativeTarget "Mahjong MVVM obj-cTests" */ = {
			isa = XCConfigurationList;
			buildConfigurations = (
				22E0B42D2D69038F0026ADBE /* Debug */,
				22E0B42E2D69038F0026ADBE /* Release */,
			);
			defaultConfigurationIsVisible = 0;
			defaultConfigurationName = Release;
		};
		22E0B42F2D69038F0026ADBE /* Build configuration list for PBXNativeTarget "Mahjong MVVM obj-cUITests" */ = {
			isa = XCConfigurationList;
			buildConfigurations = (
				22E0B4302D69038F0026ADBE /* Debug */,
				22E0B4312D69038F0026ADBE /* Release */,
			);
			defaultConfigurationIsVisible = 0;
			defaultConfigurationName = Release;
		};
/* End XCConfigurationList section */
	};
	rootObject = 22E0B3F22D69038C0026ADBE /* Project object */;
}
